{
  "name": "northwind-storefront",
  "version": "1.0.0",
  "lockfileVersion": 3,
  "requires": true,
  "packages": {
    "": {
      "name": "northwind-storefront",
      "version": "1.0.0",
      "hasInstallScript": true,
      "dependencies": {
        "@ziplogger/browser": "^0.3.3"
      }
    },
    "node_modules/@ziplogger/browser": {
      "version": "0.3.3",
      "resolved": "https://registry.npmjs.org/@ziplogger/browser/-/browser-0.3.3.tgz",
      "integrity": "sha512-F3ugO44nazFF6JjXGVnUM0iwmw0k2mkJWh2KXSZnuhxRfjed/JDDNNasx9OLpvbDlyJ2nmmEg8aM6sZoNy5/Nw==",
      "license": "MIT"
    }
  }
}
