{
  "name": "northwind-storefront",
  "version": "1.0.0",
  "lockfileVersion": 3,
  "requires": true,
  "packages": {
    "": {
      "name": "northwind-storefront",
      "version": "1.0.0",
      "hasInstallScript": true,
      "dependencies": {
        "@ziplogger/browser": "^0.4.0"
      }
    },
    "node_modules/@ziplogger/browser": {
      "version": "0.4.0",
      "resolved": "https://registry.npmjs.org/@ziplogger/browser/-/browser-0.4.0.tgz",
      "integrity": "sha512-lC+USYZpo/9sHEc7tZz4V3PCHkMmPlUnhD/rkl0OirpvHZ1l4EuG33fdS0jkaRuk2K9w8ChAWrOFKfvBDGyiMw==",
      "license": "MIT"
    }
  }
}
